
Microsoft Visual Studio Solution File, Format Version 12.00
# Visual Studio Version 16
VisualStudioVersion = 16.0.32228.343
MinimumVisualStudioVersion = 10.0.40219.1
Project("{9A19103F-16F7-4668-BE54-9A1E7A4F7556}") = "FracturalGodotCodeGeneratorTesting", "FracturalGodotCodeGeneratorTesting.csproj", "{850EA984-B963-497E-8471-7BECF67816A0}"
EndProject
Project("{9A19103F-16F7-4668-BE54-9A1E7A4F7556}") = "FracturalGodotCodeGenerator", "..\src\FracturalGodotCodeGenerator\FracturalGodotCodeGenerator.csproj", "{631BF445-953A-417F-9908-C4C317290265}"
EndProject
Project("{FAE04EC0-301F-11D3-BF4B-00C04F79EFBC}") = "StubProject", "StubProject\StubProject.csproj", "{B83A5A30-7D9A-4BCC-BB56-2974A2AAE767}"
EndProject
Project("{9A19103F-16F7-4668-BE54-9A1E7A4F7556}") = "FracturalGodotCodeGenerator.Attributes", "..\src\FracturalGodotCodeGenerator.Attributes\FracturalGodotCodeGenerator.Attributes.csproj", "{99C6D6F7-736F-4C0A-B860-D23F16DE59F9}"
EndProject
Project("{9A19103F-16F7-4668-BE54-9A1E7A4F7556}") = "FracturalGodotCodeGenerator.Generator", "..\src\FracturalGodotCodeGenerator.Generator\FracturalGodotCodeGenerator.Generator.csproj", "{308D2A77-51F0-4B88-9188-C487987A7F79}"
EndProject
Global
	GlobalSection(SolutionConfigurationPlatforms) = preSolution
		Debug|Any CPU = Debug|Any CPU
		ExportDebug|Any CPU = ExportDebug|Any CPU
		ExportRelease|Any CPU = ExportRelease|Any CPU
		Release|Any CPU = Release|Any CPU
	EndGlobalSection
	GlobalSection(ProjectConfigurationPlatforms) = postSolution
		{850EA984-B963-497E-8471-7BECF67816A0}.Debug|Any CPU.ActiveCfg = Debug|Any CPU
		{850EA984-B963-497E-8471-7BECF67816A0}.Debug|Any CPU.Build.0 = Debug|Any CPU
		{850EA984-B963-497E-8471-7BECF67816A0}.ExportDebug|Any CPU.ActiveCfg = ExportDebug|Any CPU
		{850EA984-B963-497E-8471-7BECF67816A0}.ExportDebug|Any CPU.Build.0 = ExportDebug|Any CPU
		{850EA984-B963-497E-8471-7BECF67816A0}.ExportRelease|Any CPU.ActiveCfg = ExportRelease|Any CPU
		{850EA984-B963-497E-8471-7BECF67816A0}.ExportRelease|Any CPU.Build.0 = ExportRelease|Any CPU
		{850EA984-B963-497E-8471-7BECF67816A0}.Release|Any CPU.ActiveCfg = ExportRelease|Any CPU
		{850EA984-B963-497E-8471-7BECF67816A0}.Release|Any CPU.Build.0 = ExportRelease|Any CPU
		{631BF445-953A-417F-9908-C4C317290265}.Debug|Any CPU.ActiveCfg = Debug|Any CPU
		{631BF445-953A-417F-9908-C4C317290265}.Debug|Any CPU.Build.0 = Debug|Any CPU
		{631BF445-953A-417F-9908-C4C317290265}.ExportDebug|Any CPU.ActiveCfg = Debug|Any CPU
		{631BF445-953A-417F-9908-C4C317290265}.ExportDebug|Any CPU.Build.0 = Debug|Any CPU
		{631BF445-953A-417F-9908-C4C317290265}.ExportRelease|Any CPU.ActiveCfg = Release|Any CPU
		{631BF445-953A-417F-9908-C4C317290265}.ExportRelease|Any CPU.Build.0 = Release|Any CPU
		{631BF445-953A-417F-9908-C4C317290265}.Release|Any CPU.ActiveCfg = Release|Any CPU
		{631BF445-953A-417F-9908-C4C317290265}.Release|Any CPU.Build.0 = Release|Any CPU
		{B83A5A30-7D9A-4BCC-BB56-2974A2AAE767}.Debug|Any CPU.ActiveCfg = Debug|Any CPU
		{B83A5A30-7D9A-4BCC-BB56-2974A2AAE767}.Debug|Any CPU.Build.0 = Debug|Any CPU
		{B83A5A30-7D9A-4BCC-BB56-2974A2AAE767}.ExportDebug|Any CPU.ActiveCfg = Debug|Any CPU
		{B83A5A30-7D9A-4BCC-BB56-2974A2AAE767}.ExportDebug|Any CPU.Build.0 = Debug|Any CPU
		{B83A5A30-7D9A-4BCC-BB56-2974A2AAE767}.ExportRelease|Any CPU.ActiveCfg = Debug|Any CPU
		{B83A5A30-7D9A-4BCC-BB56-2974A2AAE767}.ExportRelease|Any CPU.Build.0 = Debug|Any CPU
		{B83A5A30-7D9A-4BCC-BB56-2974A2AAE767}.Release|Any CPU.ActiveCfg = Debug|Any CPU
		{B83A5A30-7D9A-4BCC-BB56-2974A2AAE767}.Release|Any CPU.Build.0 = Debug|Any CPU
		{99C6D6F7-736F-4C0A-B860-D23F16DE59F9}.Debug|Any CPU.ActiveCfg = Debug|Any CPU
		{99C6D6F7-736F-4C0A-B860-D23F16DE59F9}.Debug|Any CPU.Build.0 = Debug|Any CPU
		{99C6D6F7-736F-4C0A-B860-D23F16DE59F9}.ExportDebug|Any CPU.ActiveCfg = Debug|Any CPU
		{99C6D6F7-736F-4C0A-B860-D23F16DE59F9}.ExportDebug|Any CPU.Build.0 = Debug|Any CPU
		{99C6D6F7-736F-4C0A-B860-D23F16DE59F9}.ExportRelease|Any CPU.ActiveCfg = Release|Any CPU
		{99C6D6F7-736F-4C0A-B860-D23F16DE59F9}.ExportRelease|Any CPU.Build.0 = Release|Any CPU
		{99C6D6F7-736F-4C0A-B860-D23F16DE59F9}.Release|Any CPU.ActiveCfg = Release|Any CPU
		{99C6D6F7-736F-4C0A-B860-D23F16DE59F9}.Release|Any CPU.Build.0 = Release|Any CPU
		{308D2A77-51F0-4B88-9188-C487987A7F79}.Debug|Any CPU.ActiveCfg = Debug|Any CPU
		{308D2A77-51F0-4B88-9188-C487987A7F79}.Debug|Any CPU.Build.0 = Debug|Any CPU
		{308D2A77-51F0-4B88-9188-C487987A7F79}.ExportDebug|Any CPU.ActiveCfg = Debug|Any CPU
		{308D2A77-51F0-4B88-9188-C487987A7F79}.ExportDebug|Any CPU.Build.0 = Debug|Any CPU
		{308D2A77-51F0-4B88-9188-C487987A7F79}.ExportRelease|Any CPU.ActiveCfg = Release|Any CPU
		{308D2A77-51F0-4B88-9188-C487987A7F79}.ExportRelease|Any CPU.Build.0 = Release|Any CPU
		{308D2A77-51F0-4B88-9188-C487987A7F79}.Release|Any CPU.ActiveCfg = Release|Any CPU
		{308D2A77-51F0-4B88-9188-C487987A7F79}.Release|Any CPU.Build.0 = Release|Any CPU
	EndGlobalSection
	GlobalSection(SolutionProperties) = preSolution
		HideSolutionNode = FALSE
	EndGlobalSection
	GlobalSection(ExtensibilityGlobals) = postSolution
		SolutionGuid = {79A55284-55CC-4C8A-A40F-D11E80D5F7B9}
	EndGlobalSection
EndGlobal
