Microsoft Visual Studio Solution File, Format Version 12.00
# Visual Studio 2012
Project("{FAE04EC0-301F-11D3-BF4B-00C04F79EFBC}") = "FracturalGodotCodeGeneratorTesting", "FracturalGodotCodeGeneratorTesting.csproj", "{8327FC7E-05ED-414B-A290-487382DF9341}"
EndProject
Global
	GlobalSection(SolutionConfigurationPlatforms) = preSolution
	Debug|Any CPU = Debug|Any CPU
	ExportDebug|Any CPU = ExportDebug|Any CPU
	ExportRelease|Any CPU = ExportRelease|Any CPU
	EndGlobalSection
	GlobalSection(ProjectConfigurationPlatforms) = postSolution
		{8327FC7E-05ED-414B-A290-487382DF9341}.Debug|Any CPU.ActiveCfg = Debug|Any CPU
		{8327FC7E-05ED-414B-A290-487382DF9341}.Debug|Any CPU.Build.0 = Debug|Any CPU
		{8327FC7E-05ED-414B-A290-487382DF9341}.ExportDebug|Any CPU.ActiveCfg = ExportDebug|Any CPU
		{8327FC7E-05ED-414B-A290-487382DF9341}.ExportDebug|Any CPU.Build.0 = ExportDebug|Any CPU
		{8327FC7E-05ED-414B-A290-487382DF9341}.ExportRelease|Any CPU.ActiveCfg = ExportRelease|Any CPU
		{8327FC7E-05ED-414B-A290-487382DF9341}.ExportRelease|Any CPU.Build.0 = ExportRelease|Any CPU
	EndGlobalSection
EndGlobal
